
Microsoft Visual Studio Solution File, Format Version 12.00
# Visual Studio Version 17
VisualStudioVersion = 17.11.35312.102
MinimumVisualStudioVersion = 10.0.40219.1
Project("{FAE04EC0-301F-11D3-BF4B-00C04F79EFBC}") = "Palackok", "Palackok.csproj", "{2ECFE759-3AAD-4CB5-81E2-F1C8DDAF66E7}"
EndProject
Global
	GlobalSection(SolutionConfigurationPlatforms) = preSolution
		Debug|Any CPU = Debug|Any CPU
		Release|Any CPU = Release|Any CPU
	EndGlobalSection
	GlobalSection(ProjectConfigurationPlatforms) = postSolution
		{2ECFE759-3AAD-4CB5-81E2-F1C8DDAF66E7}.Debug|Any CPU.ActiveCfg = Debug|Any CPU
		{2ECFE759-3AAD-4CB5-81E2-F1C8DDAF66E7}.Debug|Any CPU.Build.0 = Debug|Any CPU
		{2ECFE759-3AAD-4CB5-81E2-F1C8DDAF66E7}.Release|Any CPU.ActiveCfg = Release|Any CPU
		{2ECFE759-3AAD-4CB5-81E2-F1C8DDAF66E7}.Release|Any CPU.Build.0 = Release|Any CPU
	EndGlobalSection
	GlobalSection(SolutionProperties) = preSolution
		HideSolutionNode = FALSE
	EndGlobalSection
	GlobalSection(ExtensibilityGlobals) = postSolution
		SolutionGuid = {9173751C-87F2-452F-9B5B-5D40E322EAB8}
	EndGlobalSection
EndGlobal
